// !$*UTF8*$!
{
	archiveVersion = 1;
	classes = {
	};
	objectVersion = 56;
	objects = {

/* Begin PBXBuildFile section */
		1A0B070329C1BD9D004F2717 /* AppDelegate.m in Sources */ = {isa = PBXBuildFile; fileRef = 1A0B070229C1BD9D004F2717 /* AppDelegate.m */; };
		1A0B070629C1BD9D004F2717 /* SceneDelegate.m in Sources */ = {isa = PBXBuildFile; fileRef = 1A0B070529C1BD9D004F2717 /* SceneDelegate.m */; };
		1A0B070929C1BD9D004F2717 /* ViewController.m in Sources */ = {isa = PBXBuildFile; fileRef = 1A0B070829C1BD9D004F2717 /* ViewController.m */; };
		1A0B070C29C1BD9D004F2717 /* Main.storyboard in Resources */ = {isa = PBXBuildFile; fileRef = 1A0B070A29C1BD9D004F2717 /* Main.storyboard */; };
		1A0B070E29C1BD9E004F2717 /* Assets.xcassets in Resources */ = {isa = PBXBuildFile; fileRef = 1A0B070D29C1BD9E004F2717 /* Assets.xcassets */; };
		1A0B071129C1BD9E004F2717 /* LaunchScreen.storyboard in Resources */ = {isa = PBXBuildFile; fileRef = 1A0B070F29C1BD9E004F2717 /* LaunchScreen.storyboard */; };
		1A0B071429C1BD9E004F2717 /* main.m in Sources */ = {isa = PBXBuildFile; fileRef = 1A0B071329C1BD9E004F2717 /* main.m */; };
		1A0B072029C1BF85004F2717 /* WebViewController.m in Sources */ = {isa = PBXBuildFile; fileRef = 1A0B071F29C1BF85004F2717 /* WebViewController.m */; };
		1A0B072329C1D77E004F2717 /* OcrResponse.m in Sources */ = {isa = PBXBuildFile; fileRef = 1A0B072229C1D77E004F2717 /* OcrResponse.m */; };
		1A0B072629C1D8CB004F2717 /* ReportViewController.m in Sources */ = {isa = PBXBuildFile; fileRef = 1A0B072529C1D8CB004F2717 /* ReportViewController.m */; };
/* End PBXBuildFile section */

/* Begin PBXFileReference section */
		1A0B06FE29C1BD9D004F2717 /* WasmOCR sample Objc.app */ = {isa = PBXFileReference; explicitFileType = wrapper.application; includeInIndex = 0; path = "WasmOCR sample Objc.app"; sourceTree = BUILT_PRODUCTS_DIR; };
		1A0B070129C1BD9D004F2717 /* AppDelegate.h */ = {isa = PBXFileReference; lastKnownFileType = sourcecode.c.h; path = AppDelegate.h; sourceTree = "<group>"; };
		1A0B070229C1BD9D004F2717 /* AppDelegate.m */ = {isa = PBXFileReference; lastKnownFileType = sourcecode.c.objc; path = AppDelegate.m; sourceTree = "<group>"; };
		1A0B070429C1BD9D004F2717 /* SceneDelegate.h */ = {isa = PBXFileReference; lastKnownFileType = sourcecode.c.h; path = SceneDelegate.h; sourceTree = "<group>"; };
		1A0B070529C1BD9D004F2717 /* SceneDelegate.m */ = {isa = PBXFileReference; lastKnownFileType = sourcecode.c.objc; path = SceneDelegate.m; sourceTree = "<group>"; };
		1A0B070729C1BD9D004F2717 /* ViewController.h */ = {isa = PBXFileReference; lastKnownFileType = sourcecode.c.h; path = ViewController.h; sourceTree = "<group>"; };
		1A0B070829C1BD9D004F2717 /* ViewController.m */ = {isa = PBXFileReference; lastKnownFileType = sourcecode.c.objc; path = ViewController.m; sourceTree = "<group>"; };
		1A0B070B29C1BD9D004F2717 /* Base */ = {isa = PBXFileReference; lastKnownFileType = file.storyboard; name = Base; path = Base.lproj/Main.storyboard; sourceTree = "<group>"; };
		1A0B070D29C1BD9E004F2717 /* Assets.xcassets */ = {isa = PBXFileReference; lastKnownFileType = folder.assetcatalog; path = Assets.xcassets; sourceTree = "<group>"; };
		1A0B071029C1BD9E004F2717 /* Base */ = {isa = PBXFileReference; lastKnownFileType = file.storyboard; name = Base; path = Base.lproj/LaunchScreen.storyboard; sourceTree = "<group>"; };
		1A0B071229C1BD9E004F2717 /* Info.plist */ = {isa = PBXFileReference; lastKnownFileType = text.plist.xml; path = Info.plist; sourceTree = "<group>"; };
		1A0B071329C1BD9E004F2717 /* main.m */ = {isa = PBXFileReference; lastKnownFileType = sourcecode.c.objc; path = main.m; sourceTree = "<group>"; };
		1A0B071E29C1BF85004F2717 /* WebViewController.h */ = {isa = PBXFileReference; lastKnownFileType = sourcecode.c.h; path = WebViewController.h; sourceTree = "<group>"; };
		1A0B071F29C1BF85004F2717 /* WebViewController.m */ = {isa = PBXFileReference; lastKnownFileType = sourcecode.c.objc; path = WebViewController.m; sourceTree = "<group>"; };
		1A0B072129C1D77E004F2717 /* OcrResponse.h */ = {isa = PBXFileReference; lastKnownFileType = sourcecode.c.h; path = OcrResponse.h; sourceTree = "<group>"; };
		1A0B072229C1D77E004F2717 /* OcrResponse.m */ = {isa = PBXFileReference; lastKnownFileType = sourcecode.c.objc; path = OcrResponse.m; sourceTree = "<group>"; };
		1A0B072429C1D8CB004F2717 /* ReportViewController.h */ = {isa = PBXFileReference; lastKnownFileType = sourcecode.c.h; path = ReportViewController.h; sourceTree = "<group>"; };
		1A0B072529C1D8CB004F2717 /* ReportViewController.m */ = {isa = PBXFileReference; lastKnownFileType = sourcecode.c.objc; path = ReportViewController.m; sourceTree = "<group>"; };
		1A0B072729C2B66C004F2717 /* OcrType.h */ = {isa = PBXFileReference; lastKnownFileType = sourcecode.c.h; path = OcrType.h; sourceTree = "<group>"; };
/* End PBXFileReference section */

/* Begin PBXFrameworksBuildPhase section */
		1A0B06FB29C1BD9D004F2717 /* Frameworks */ = {
			isa = PBXFrameworksBuildPhase;
			buildActionMask = 2147483647;
			files = (
			);
			runOnlyForDeploymentPostprocessing = 0;
		};
/* End PBXFrameworksBuildPhase section */

/* Begin PBXGroup section */
		1A0B06F529C1BD9D004F2717 = {
			isa = PBXGroup;
			children = (
				1A0B070029C1BD9D004F2717 /* OcrSampleObjC */,
				1A0B06FF29C1BD9D004F2717 /* Products */,
			);
			sourceTree = "<group>";
		};
		1A0B06FF29C1BD9D004F2717 /* Products */ = {
			isa = PBXGroup;
			children = (
				1A0B06FE29C1BD9D004F2717 /* WasmOCR sample Objc.app */,
			);
			name = Products;
			sourceTree = "<group>";
		};
		1A0B070029C1BD9D004F2717 /* OcrSampleObjC */ = {
			isa = PBXGroup;
			children = (
				1A0B071C29C1BF62004F2717 /* Sources */,
				1A0B071D29C1BF68004F2717 /* Resources */,
			);
			path = OcrSampleObjC;
			sourceTree = "<group>";
		};
		1A0B071C29C1BF62004F2717 /* Sources */ = {
			isa = PBXGroup;
			children = (
				1A0B070129C1BD9D004F2717 /* AppDelegate.h */,
				1A0B070229C1BD9D004F2717 /* AppDelegate.m */,
				1A0B070429C1BD9D004F2717 /* SceneDelegate.h */,
				1A0B070529C1BD9D004F2717 /* SceneDelegate.m */,
				1A0B070729C1BD9D004F2717 /* ViewController.h */,
				1A0B070829C1BD9D004F2717 /* ViewController.m */,
				1A0B071329C1BD9E004F2717 /* main.m */,
				1A0B071E29C1BF85004F2717 /* WebViewController.h */,
				1A0B071F29C1BF85004F2717 /* WebViewController.m */,
				1A0B072129C1D77E004F2717 /* OcrResponse.h */,
				1A0B072229C1D77E004F2717 /* OcrResponse.m */,
				1A0B072429C1D8CB004F2717 /* ReportViewController.h */,
				1A0B072529C1D8CB004F2717 /* ReportViewController.m */,
				1A0B072729C2B66C004F2717 /* OcrType.h */,
			);
			name = Sources;
			sourceTree = "<group>";
		};
		1A0B071D29C1BF68004F2717 /* Resources */ = {
			isa = PBXGroup;
			children = (
				1A0B070A29C1BD9D004F2717 /* Main.storyboard */,
				1A0B070D29C1BD9E004F2717 /* Assets.xcassets */,
				1A0B070F29C1BD9E004F2717 /* LaunchScreen.storyboard */,
				1A0B071229C1BD9E004F2717 /* Info.plist */,
			);
			name = Resources;
			sourceTree = "<group>";
		};
/* End PBXGroup section */

/* Begin PBXNativeTarget section */
		1A0B06FD29C1BD9D004F2717 /* WasmOCR sample Objc */ = {
			isa = PBXNativeTarget;
			buildConfigurationList = 1A0B071729C1BD9E004F2717 /* Build configuration list for PBXNativeTarget "WasmOCR sample Objc" */;
			buildPhases = (
				1A0B06FA29C1BD9D004F2717 /* Sources */,
				1A0B06FB29C1BD9D004F2717 /* Frameworks */,
				1A0B06FC29C1BD9D004F2717 /* Resources */,
			);
			buildRules = (
			);
			dependencies = (
			);
			name = "WasmOCR sample Objc";
			productName = OcrSampleObjC;
			productReference = 1A0B06FE29C1BD9D004F2717 /* WasmOCR sample Objc.app */;
			productType = "com.apple.product-type.application";
		};
/* End PBXNativeTarget section */

/* Begin PBXProject section */
		1A0B06F629C1BD9D004F2717 /* Project object */ = {
			isa = PBXProject;
			attributes = {
				BuildIndependentTargetsInParallel = 1;
				LastUpgradeCheck = 1410;
				TargetAttributes = {
					1A0B06FD29C1BD9D004F2717 = {
						CreatedOnToolsVersion = 14.1;
					};
				};
			};
			buildConfigurationList = 1A0B06F929C1BD9D004F2717 /* Build configuration list for PBXProject "WasmOCR sample Objc" */;
			compatibilityVersion = "Xcode 14.0";
			developmentRegion = en;
			hasScannedForEncodings = 0;
			knownRegions = (
				en,
				Base,
			);
			mainGroup = 1A0B06F529C1BD9D004F2717;
			productRefGroup = 1A0B06FF29C1BD9D004F2717 /* Products */;
			projectDirPath = "";
			projectRoot = "";
			targets = (
				1A0B06FD29C1BD9D004F2717 /* WasmOCR sample Objc */,
			);
		};
/* End PBXProject section */

/* Begin PBXResourcesBuildPhase section */
		1A0B06FC29C1BD9D004F2717 /* Resources */ = {
			isa = PBXResourcesBuildPhase;
			buildActionMask = 2147483647;
			files = (
				1A0B071129C1BD9E004F2717 /* LaunchScreen.storyboard in Resources */,
				1A0B070E29C1BD9E004F2717 /* Assets.xcassets in Resources */,
				1A0B070C29C1BD9D004F2717 /* Main.storyboard in Resources */,
			);
			runOnlyForDeploymentPostprocessing = 0;
		};
/* End PBXResourcesBuildPhase section */

/* Begin PBXSourcesBuildPhase section */
		1A0B06FA29C1BD9D004F2717 /* Sources */ = {
			isa = PBXSourcesBuildPhase;
			buildActionMask = 2147483647;
			files = (
				1A0B070929C1BD9D004F2717 /* ViewController.m in Sources */,
				1A0B072329C1D77E004F2717 /* OcrResponse.m in Sources */,
				1A0B072029C1BF85004F2717 /* WebViewController.m in Sources */,
				1A0B072629C1D8CB004F2717 /* ReportViewController.m in Sources */,
				1A0B070329C1BD9D004F2717 /* AppDelegate.m in Sources */,
				1A0B071429C1BD9E004F2717 /* main.m in Sources */,
				1A0B070629C1BD9D004F2717 /* SceneDelegate.m in Sources */,
			);
			runOnlyForDeploymentPostprocessing = 0;
		};
/* End PBXSourcesBuildPhase section */

/* Begin PBXVariantGroup section */
		1A0B070A29C1BD9D004F2717 /* Main.storyboard */ = {
			isa = PBXVariantGroup;
			children = (
				1A0B070B29C1BD9D004F2717 /* Base */,
			);
			name = Main.storyboard;
			sourceTree = "<group>";
		};
		1A0B070F29C1BD9E004F2717 /* LaunchScreen.storyboard */ = {
			isa = PBXVariantGroup;
			children = (
				1A0B071029C1BD9E004F2717 /* Base */,
			);
			name = LaunchScreen.storyboard;
			sourceTree = "<group>";
		};
/* End PBXVariantGroup section */

/* Begin XCBuildConfiguration section */
		1A0B071529C1BD9E004F2717 /* Debug */ = {
			isa = XCBuildConfiguration;
			buildSettings = {
				ALWAYS_SEARCH_USER_PATHS = NO;
				CLANG_ANALYZER_NONNULL = YES;
				CLANG_ANALYZER_NUMBER_OBJECT_CONVERSION = YES_AGGRESSIVE;
				CLANG_CXX_LANGUAGE_STANDARD = "gnu++20";
				CLANG_ENABLE_MODULES = YES;
				CLANG_ENABLE_OBJC_ARC = YES;
				CLANG_ENABLE_OBJC_WEAK = YES;
				CLANG_WARN_BLOCK_CAPTURE_AUTORELEASING = YES;
				CLANG_WARN_BOOL_CONVERSION = YES;
				CLANG_WARN_COMMA = YES;
				CLANG_WARN_CONSTANT_CONVERSION = YES;
				CLANG_WARN_DEPRECATED_OBJC_IMPLEMENTATIONS = YES;
				CLANG_WARN_DIRECT_OBJC_ISA_USAGE = YES_ERROR;
				CLANG_WARN_DOCUMENTATION_COMMENTS = YES;
				CLANG_WARN_EMPTY_BODY = YES;
				CLANG_WARN_ENUM_CONVERSION = YES;
				CLANG_WARN_INFINITE_RECURSION = YES;
				CLANG_WARN_INT_CONVERSION = YES;
				CLANG_WARN_NON_LITERAL_NULL_CONVERSION = YES;
				CLANG_WARN_OBJC_IMPLICIT_RETAIN_SELF = YES;
				CLANG_WARN_OBJC_LITERAL_CONVERSION = YES;
				CLANG_WARN_OBJC_ROOT_CLASS = YES_ERROR;
				CLANG_WARN_QUOTED_INCLUDE_IN_FRAMEWORK_HEADER = YES;
				CLANG_WARN_RANGE_LOOP_ANALYSIS = YES;
				CLANG_WARN_STRICT_PROTOTYPES = YES;
				CLANG_WARN_SUSPICIOUS_MOVE = YES;
				CLANG_WARN_UNGUARDED_AVAILABILITY = YES_AGGRESSIVE;
				CLANG_WARN_UNREACHABLE_CODE = YES;
				CLANG_WARN__DUPLICATE_METHOD_MATCH = YES;
				COPY_PHASE_STRIP = NO;
				DEBUG_INFORMATION_FORMAT = dwarf;
				ENABLE_STRICT_OBJC_MSGSEND = YES;
				ENABLE_TESTABILITY = YES;
				GCC_C_LANGUAGE_STANDARD = gnu11;
				GCC_DYNAMIC_NO_PIC = NO;
				GCC_NO_COMMON_BLOCKS = YES;
				GCC_OPTIMIZATION_LEVEL = 0;
				GCC_PREPROCESSOR_DEFINITIONS = (
					"DEBUG=1",
					"$(inherited)",
				);
				GCC_WARN_64_TO_32_BIT_CONVERSION = YES;
				GCC_WARN_ABOUT_RETURN_TYPE = YES_ERROR;
				GCC_WARN_UNDECLARED_SELECTOR = YES;
				GCC_WARN_UNINITIALIZED_AUTOS = YES_AGGRESSIVE;
				GCC_WARN_UNUSED_FUNCTION = YES;
				GCC_WARN_UNUSED_VARIABLE = YES;
				IPHONEOS_DEPLOYMENT_TARGET = 16.1;
				MTL_ENABLE_DEBUG_INFO = INCLUDE_SOURCE;
				MTL_FAST_MATH = YES;
				ONLY_ACTIVE_ARCH = YES;
				SDKROOT = iphoneos;
			};
			name = Debug;
		};
		1A0B071629C1BD9E004F2717 /* Release */ = {
			isa = XCBuildConfiguration;
			buildSettings = {
				ALWAYS_SEARCH_USER_PATHS = NO;
				CLANG_ANALYZER_NONNULL = YES;
				CLANG_ANALYZER_NUMBER_OBJECT_CONVERSION = YES_AGGRESSIVE;
				CLANG_CXX_LANGUAGE_STANDARD = "gnu++20";
				CLANG_ENABLE_MODULES = YES;
				CLANG_ENABLE_OBJC_ARC = YES;
				CLANG_ENABLE_OBJC_WEAK = YES;
				CLANG_WARN_BLOCK_CAPTURE_AUTORELEASING = YES;
				CLANG_WARN_BOOL_CONVERSION = YES;
				CLANG_WARN_COMMA = YES;
				CLANG_WARN_CONSTANT_CONVERSION = YES;
				CLANG_WARN_DEPRECATED_OBJC_IMPLEMENTATIONS = YES;
				CLANG_WARN_DIRECT_OBJC_ISA_USAGE = YES_ERROR;
				CLANG_WARN_DOCUMENTATION_COMMENTS = YES;
				CLANG_WARN_EMPTY_BODY = YES;
				CLANG_WARN_ENUM_CONVERSION = YES;
				CLANG_WARN_INFINITE_RECURSION = YES;
				CLANG_WARN_INT_CONVERSION = YES;
				CLANG_WARN_NON_LITERAL_NULL_CONVERSION = YES;
				CLANG_WARN_OBJC_IMPLICIT_RETAIN_SELF = YES;
				CLANG_WARN_OBJC_LITERAL_CONVERSION = YES;
				CLANG_WARN_OBJC_ROOT_CLASS = YES_ERROR;
				CLANG_WARN_QUOTED_INCLUDE_IN_FRAMEWORK_HEADER = YES;
				CLANG_WARN_RANGE_LOOP_ANALYSIS = YES;
				CLANG_WARN_STRICT_PROTOTYPES = YES;
				CLANG_WARN_SUSPICIOUS_MOVE = YES;
				CLANG_WARN_UNGUARDED_AVAILABILITY = YES_AGGRESSIVE;
				CLANG_WARN_UNREACHABLE_CODE = YES;
				CLANG_WARN__DUPLICATE_METHOD_MATCH = YES;
				COPY_PHASE_STRIP = NO;
				DEBUG_INFORMATION_FORMAT = "dwarf-with-dsym";
				ENABLE_NS_ASSERTIONS = NO;
				ENABLE_STRICT_OBJC_MSGSEND = YES;
				GCC_C_LANGUAGE_STANDARD = gnu11;
				GCC_NO_COMMON_BLOCKS = YES;
				GCC_WARN_64_TO_32_BIT_CONVERSION = YES;
				GCC_WARN_ABOUT_RETURN_TYPE = YES_ERROR;
				GCC_WARN_UNDECLARED_SELECTOR = YES;
				GCC_WARN_UNINITIALIZED_AUTOS = YES_AGGRESSIVE;
				GCC_WARN_UNUSED_FUNCTION = YES;
				GCC_WARN_UNUSED_VARIABLE = YES;
				IPHONEOS_DEPLOYMENT_TARGET = 16.1;
				MTL_ENABLE_DEBUG_INFO = NO;
				MTL_FAST_MATH = YES;
				SDKROOT = iphoneos;
				VALIDATE_PRODUCT = YES;
			};
			name = Release;
		};
		1A0B071829C1BD9E004F2717 /* Debug */ = {
			isa = XCBuildConfiguration;
			buildSettings = {
				ASSETCATALOG_COMPILER_APPICON_NAME = AppIcon;
				ASSETCATALOG_COMPILER_GLOBAL_ACCENT_COLOR_NAME = AccentColor;
				CODE_SIGN_STYLE = Automatic;
				CURRENT_PROJECT_VERSION = 241029;
				DEVELOPMENT_TEAM = G476VT3T47;
				GENERATE_INFOPLIST_FILE = YES;
				INFOPLIST_FILE = OcrSampleObjC/Info.plist;
				INFOPLIST_KEY_CFBundleDisplayName = "Wasm OCR sample Objc";
				INFOPLIST_KEY_NSCameraUsageDescription = "OCR 검출을 위해 카메라를 사용합니다.";
				INFOPLIST_KEY_UIApplicationSupportsIndirectInputEvents = YES;
				INFOPLIST_KEY_UILaunchStoryboardName = LaunchScreen;
				INFOPLIST_KEY_UIMainStoryboardFile = Main;
				INFOPLIST_KEY_UISupportedInterfaceOrientations = UIInterfaceOrientationPortrait;
				INFOPLIST_KEY_UISupportedInterfaceOrientations_iPad = "UIInterfaceOrientationLandscapeLeft UIInterfaceOrientationLandscapeRight UIInterfaceOrientationPortrait UIInterfaceOrientationPortraitUpsideDown";
				IPHONEOS_DEPLOYMENT_TARGET = 14.3;
				LD_RUNPATH_SEARCH_PATHS = (
					"$(inherited)",
					"@executable_path/Frameworks",
				);
				MARKETING_VERSION = 1.0;
				PRODUCT_BUNDLE_IDENTIFIER = "kr.co.useb.wasm-ocr.objc";
				PRODUCT_NAME = "$(TARGET_NAME)";
				SWIFT_EMIT_LOC_STRINGS = YES;
				TARGETED_DEVICE_FAMILY = "1,2";
			};
			name = Debug;
		};
		1A0B071929C1BD9E004F2717 /* Release */ = {
			isa = XCBuildConfiguration;
			buildSettings = {
				ASSETCATALOG_COMPILER_APPICON_NAME = AppIcon;
				ASSETCATALOG_COMPILER_GLOBAL_ACCENT_COLOR_NAME = AccentColor;
				CODE_SIGN_STYLE = Automatic;
				CURRENT_PROJECT_VERSION = 241029;
				DEVELOPMENT_TEAM = G476VT3T47;
				GENERATE_INFOPLIST_FILE = YES;
				INFOPLIST_FILE = OcrSampleObjC/Info.plist;
				INFOPLIST_KEY_CFBundleDisplayName = "Wasm OCR sample Objc";
				INFOPLIST_KEY_NSCameraUsageDescription = "OCR 검출을 위해 카메라를 사용합니다.";
				INFOPLIST_KEY_UIApplicationSupportsIndirectInputEvents = YES;
				INFOPLIST_KEY_UILaunchStoryboardName = LaunchScreen;
				INFOPLIST_KEY_UIMainStoryboardFile = Main;
				INFOPLIST_KEY_UISupportedInterfaceOrientations = UIInterfaceOrientationPortrait;
				INFOPLIST_KEY_UISupportedInterfaceOrientations_iPad = "UIInterfaceOrientationLandscapeLeft UIInterfaceOrientationLandscapeRight UIInterfaceOrientationPortrait UIInterfaceOrientationPortraitUpsideDown";
				IPHONEOS_DEPLOYMENT_TARGET = 14.3;
				LD_RUNPATH_SEARCH_PATHS = (
					"$(inherited)",
					"@executable_path/Frameworks",
				);
				MARKETING_VERSION = 1.0;
				PRODUCT_BUNDLE_IDENTIFIER = "kr.co.useb.wasm-ocr.objc";
				PRODUCT_NAME = "$(TARGET_NAME)";
				SWIFT_EMIT_LOC_STRINGS = YES;
				TARGETED_DEVICE_FAMILY = "1,2";
			};
			name = Release;
		};
/* End XCBuildConfiguration section */

/* Begin XCConfigurationList section */
		1A0B06F929C1BD9D004F2717 /* Build configuration list for PBXProject "WasmOCR sample Objc" */ = {
			isa = XCConfigurationList;
			buildConfigurations = (
				1A0B071529C1BD9E004F2717 /* Debug */,
				1A0B071629C1BD9E004F2717 /* Release */,
			);
			defaultConfigurationIsVisible = 0;
			defaultConfigurationName = Release;
		};
		1A0B071729C1BD9E004F2717 /* Build configuration list for PBXNativeTarget "WasmOCR sample Objc" */ = {
			isa = XCConfigurationList;
			buildConfigurations = (
				1A0B071829C1BD9E004F2717 /* Debug */,
				1A0B071929C1BD9E004F2717 /* Release */,
			);
			defaultConfigurationIsVisible = 0;
			defaultConfigurationName = Release;
		};
/* End XCConfigurationList section */
	};
	rootObject = 1A0B06F629C1BD9D004F2717 /* Project object */;
}
